
Microsoft Visual Studio Solution File, Format Version 12.00
# Visual Studio Version 17
VisualStudioVersion = 17.4.33213.308
MinimumVisualStudioVersion = 10.0.40219.1
Project("{FAE04EC0-301F-11D3-BF4B-00C04F79EFBC}") = "Logica", "Logica\Logica.csproj", "{AA4CE835-F32B-42F4-86BB-9E12F44CE427}"
EndProject
Global
	GlobalSection(SolutionConfigurationPlatforms) = preSolution
		Debug|Any CPU = Debug|Any CPU
		Release|Any CPU = Release|Any CPU
	EndGlobalSection
	GlobalSection(ProjectConfigurationPlatforms) = postSolution
		{AA4CE835-F32B-42F4-86BB-9E12F44CE427}.Debug|Any CPU.ActiveCfg = Debug|Any CPU
		{AA4CE835-F32B-42F4-86BB-9E12F44CE427}.Debug|Any CPU.Build.0 = Debug|Any CPU
		{AA4CE835-F32B-42F4-86BB-9E12F44CE427}.Release|Any CPU.ActiveCfg = Release|Any CPU
		{AA4CE835-F32B-42F4-86BB-9E12F44CE427}.Release|Any CPU.Build.0 = Release|Any CPU
	EndGlobalSection
	GlobalSection(SolutionProperties) = preSolution
		HideSolutionNode = FALSE
	EndGlobalSection
	GlobalSection(ExtensibilityGlobals) = postSolution
		SolutionGuid = {A1BC6151-66A2-47A5-88C7-8578D6E103E1}
	EndGlobalSection
EndGlobal
